{
  "name": "deep-pink-tauri-backend",
  "version": "0.14.0",
  "lockfileVersion": 3,
  "requires": true,
  "packages": {
    "": {
      "name": "deep-pink-tauri-backend",
      "version": "0.14.0",
      "dependencies": {
        "better-sqlite3": "13.0.1"
      }
    },
    "node_modules/better-sqlite3": {
      "version": "13.0.1",
      "resolved": "https://registry.npmjs.org/better-sqlite3/-/better-sqlite3-13.0.1.tgz",
      "integrity": "sha512-LYpmOXdkpQYf4wmlxkdzW01XGlOXNIbjLg45yNkh0FQ4814VbK9PdOFmhZpYbej+EZtR/i3FDdhEG98HqZdgnA==",
      "hasInstallScript": true,
      "dependencies": {
        "node-addon-api": "^8.0.0"
      },
      "engines": {
        "node": ">=22"
      }
    },
    "node_modules/node-addon-api": {
      "version": "8.9.2",
      "resolved": "https://registry.npmjs.org/node-addon-api/-/node-addon-api-8.9.2.tgz",
      "integrity": "sha512-VijLXbi3UACN69I0JVXJsX4tjACjNoQDgv2gTF6sx2wWEi8tkSg2eX8p5gSIFi8z2+DL3oHmY6OyKce38SDolg==",
      "engines": {
        "node": "^18 || ^20 || >= 21"
      }
    }
  }
}
